
Microsoft Visual Studio Solution File, Format Version 12.00
# Visual Studio Version 17
VisualStudioVersion = 17.9.34616.47
MinimumVisualStudioVersion = 10.0.40219.1
Project("{FAE04EC0-301F-11D3-BF4B-00C04F79EFBC}") = "Controller", "..\Controller\Controller.csproj", "{51C33D83-7923-4F13-BD7D-E82A5A78A58C}"
EndProject
Project("{FAE04EC0-301F-11D3-BF4B-00C04F79EFBC}") = "StudentBusinessLogic", "..\StudentBusinessLogic\StudentBusinessLogic.csproj", "{F62A6E42-ED52-48B7-A924-10D8220DB546}"
EndProject
Project("{FAE04EC0-301F-11D3-BF4B-00C04F79EFBC}") = "StudentDataAccess", "..\StudentDataAccess\StudentDataAccess.csproj", "{36ADE4F3-15D7-450F-B301-DBB65E6D500A}"
EndProject
Global
	GlobalSection(SolutionConfigurationPlatforms) = preSolution
		Debug|Any CPU = Debug|Any CPU
		Release|Any CPU = Release|Any CPU
	EndGlobalSection
	GlobalSection(ProjectConfigurationPlatforms) = postSolution
		{51C33D83-7923-4F13-BD7D-E82A5A78A58C}.Debug|Any CPU.ActiveCfg = Debug|Any CPU
		{51C33D83-7923-4F13-BD7D-E82A5A78A58C}.Debug|Any CPU.Build.0 = Debug|Any CPU
		{51C33D83-7923-4F13-BD7D-E82A5A78A58C}.Release|Any CPU.ActiveCfg = Release|Any CPU
		{51C33D83-7923-4F13-BD7D-E82A5A78A58C}.Release|Any CPU.Build.0 = Release|Any CPU
		{F62A6E42-ED52-48B7-A924-10D8220DB546}.Debug|Any CPU.ActiveCfg = Debug|Any CPU
		{F62A6E42-ED52-48B7-A924-10D8220DB546}.Debug|Any CPU.Build.0 = Debug|Any CPU
		{F62A6E42-ED52-48B7-A924-10D8220DB546}.Release|Any CPU.ActiveCfg = Release|Any CPU
		{F62A6E42-ED52-48B7-A924-10D8220DB546}.Release|Any CPU.Build.0 = Release|Any CPU
		{36ADE4F3-15D7-450F-B301-DBB65E6D500A}.Debug|Any CPU.ActiveCfg = Debug|Any CPU
		{36ADE4F3-15D7-450F-B301-DBB65E6D500A}.Debug|Any CPU.Build.0 = Debug|Any CPU
		{36ADE4F3-15D7-450F-B301-DBB65E6D500A}.Release|Any CPU.ActiveCfg = Release|Any CPU
		{36ADE4F3-15D7-450F-B301-DBB65E6D500A}.Release|Any CPU.Build.0 = Release|Any CPU
	EndGlobalSection
	GlobalSection(SolutionProperties) = preSolution
		HideSolutionNode = FALSE
	EndGlobalSection
	GlobalSection(ExtensibilityGlobals) = postSolution
		SolutionGuid = {B416D00C-6B0F-44C8-BDE2-49C87E116A00}
	EndGlobalSection
EndGlobal
